
Microsoft Visual Studio Solution File, Format Version 12.00
# Visual Studio 15
VisualStudioVersion = 15.0.26228.102
MinimumVisualStudioVersion = 10.0.40219.1
Project("{FAE04EC0-301F-11D3-BF4B-00C04F79EFBC}") = "TestUngDung", "TestUngDung\TestUngDung.csproj", "{53A65434-9689-41EB-B52E-9B909870E101}"
EndProject
Project("{FAE04EC0-301F-11D3-BF4B-00C04F79EFBC}") = "ModelEF", "ModelEF\ModelEF.csproj", "{86FD65F6-BAAD-4D21-8D11-7F39FAD029CC}"
EndProject
Global
	GlobalSection(SolutionConfigurationPlatforms) = preSolution
		Debug|Any CPU = Debug|Any CPU
		Release|Any CPU = Release|Any CPU
	EndGlobalSection
	GlobalSection(ProjectConfigurationPlatforms) = postSolution
		{53A65434-9689-41EB-B52E-9B909870E101}.Debug|Any CPU.ActiveCfg = Debug|Any CPU
		{53A65434-9689-41EB-B52E-9B909870E101}.Debug|Any CPU.Build.0 = Debug|Any CPU
		{53A65434-9689-41EB-B52E-9B909870E101}.Release|Any CPU.ActiveCfg = Release|Any CPU
		{53A65434-9689-41EB-B52E-9B909870E101}.Release|Any CPU.Build.0 = Release|Any CPU
		{86FD65F6-BAAD-4D21-8D11-7F39FAD029CC}.Debug|Any CPU.ActiveCfg = Debug|Any CPU
		{86FD65F6-BAAD-4D21-8D11-7F39FAD029CC}.Debug|Any CPU.Build.0 = Debug|Any CPU
		{86FD65F6-BAAD-4D21-8D11-7F39FAD029CC}.Release|Any CPU.ActiveCfg = Release|Any CPU
		{86FD65F6-BAAD-4D21-8D11-7F39FAD029CC}.Release|Any CPU.Build.0 = Release|Any CPU
	EndGlobalSection
	GlobalSection(SolutionProperties) = preSolution
		HideSolutionNode = FALSE
	EndGlobalSection
EndGlobal
